
Microsoft Visual Studio Solution File, Format Version 12.00
# Visual Studio Version 17
VisualStudioVersion = 17.11.35312.102
MinimumVisualStudioVersion = 10.0.40219.1
Project("{9A19103F-16F7-4668-BE54-9A1E7A4F7556}") = "ClassDemo", "ClassDemo.csproj", "{F8224748-D289-4A84-9835-BF06C3AE9A5C}"
EndProject
Global
	GlobalSection(SolutionConfigurationPlatforms) = preSolution
		Debug|Any CPU = Debug|Any CPU
		Release|Any CPU = Release|Any CPU
	EndGlobalSection
	GlobalSection(ProjectConfigurationPlatforms) = postSolution
		{F8224748-D289-4A84-9835-BF06C3AE9A5C}.Debug|Any CPU.ActiveCfg = Debug|Any CPU
		{F8224748-D289-4A84-9835-BF06C3AE9A5C}.Debug|Any CPU.Build.0 = Debug|Any CPU
		{F8224748-D289-4A84-9835-BF06C3AE9A5C}.Release|Any CPU.ActiveCfg = Release|Any CPU
		{F8224748-D289-4A84-9835-BF06C3AE9A5C}.Release|Any CPU.Build.0 = Release|Any CPU
	EndGlobalSection
	GlobalSection(SolutionProperties) = preSolution
		HideSolutionNode = FALSE
	EndGlobalSection
	GlobalSection(ExtensibilityGlobals) = postSolution
		SolutionGuid = {D676A4F7-C267-46DD-9129-A65F6726BBA6}
	EndGlobalSection
EndGlobal
